
Microsoft Visual Studio Solution File, Format Version 12.00
# Visual Studio 15
VisualStudioVersion = 15.0.26430.6
MinimumVisualStudioVersion = 10.0.40219.1
Project("{D954291E-2A0B-460D-934E-DC6B0785DB48}") = "CSharp6to7sample", "CSharp6to7sample\CSharp6to7sample\CSharp6to7sample.shproj", "{0633D6C4-5185-4233-B7AB-AC97F86213FA}"
EndProject
Project("{FAE04EC0-301F-11D3-BF4B-00C04F79EFBC}") = "CSharp6to7sample.Android", "CSharp6to7sample\CSharp6to7sample.Android\CSharp6to7sample.Android.csproj", "{AD25D6E2-8186-4D58-BD2F-86E1859F69A8}"
EndProject
Project("{FAE04EC0-301F-11D3-BF4B-00C04F79EFBC}") = "CSharp6to7sample.iOS", "CSharp6to7sample\CSharp6to7sample.iOS\CSharp6to7sample.iOS.csproj", "{5C4E19FD-57C9-4F83-A5B3-18651CDFF1F4}"
EndProject
Project("{FAE04EC0-301F-11D3-BF4B-00C04F79EFBC}") = "CSharp6to7sample.UWP", "CSharp6to7sample\CSharp6to7sample.UWP\CSharp6to7sample.UWP.csproj", "{474A5162-2982-4AEE-B2C5-6EB04A4AAF78}"
EndProject
Global
	GlobalSection(SharedMSBuildProjectFiles) = preSolution
		CSharp6to7sample\CSharp6to7sample\CSharp6to7sample.projitems*{0633d6c4-5185-4233-b7ab-ac97f86213fa}*SharedItemsImports = 13
		CSharp6to7sample\CSharp6to7sample\CSharp6to7sample.projitems*{5c4e19fd-57c9-4f83-a5b3-18651cdff1f4}*SharedItemsImports = 4
		CSharp6to7sample\CSharp6to7sample\CSharp6to7sample.projitems*{ad25d6e2-8186-4d58-bd2f-86e1859f69a8}*SharedItemsImports = 4
	EndGlobalSection
	GlobalSection(SolutionConfigurationPlatforms) = preSolution
		Ad-Hoc|Any CPU = Ad-Hoc|Any CPU
		Ad-Hoc|ARM = Ad-Hoc|ARM
		Ad-Hoc|iPhone = Ad-Hoc|iPhone
		Ad-Hoc|iPhoneSimulator = Ad-Hoc|iPhoneSimulator
		Ad-Hoc|x64 = Ad-Hoc|x64
		Ad-Hoc|x86 = Ad-Hoc|x86
		AppStore|Any CPU = AppStore|Any CPU
		AppStore|ARM = AppStore|ARM
		AppStore|iPhone = AppStore|iPhone
		AppStore|iPhoneSimulator = AppStore|iPhoneSimulator
		AppStore|x64 = AppStore|x64
		AppStore|x86 = AppStore|x86
		Debug|Any CPU = Debug|Any CPU
		Debug|ARM = Debug|ARM
		Debug|iPhone = Debug|iPhone
		Debug|iPhoneSimulator = Debug|iPhoneSimulator
		Debug|x64 = Debug|x64
		Debug|x86 = Debug|x86
		Release|Any CPU = Release|Any CPU
		Release|ARM = Release|ARM
		Release|iPhone = Release|iPhone
		Release|iPhoneSimulator = Release|iPhoneSimulator
		Release|x64 = Release|x64
		Release|x86 = Release|x86
	EndGlobalSection
	GlobalSection(ProjectConfigurationPlatforms) = postSolution
		{AD25D6E2-8186-4D58-BD2F-86E1859F69A8}.Ad-Hoc|Any CPU.ActiveCfg = Release|Any CPU
		{AD25D6E2-8186-4D58-BD2F-86E1859F69A8}.Ad-Hoc|Any CPU.Build.0 = Release|Any CPU
		{AD25D6E2-8186-4D58-BD2F-86E1859F69A8}.Ad-Hoc|Any CPU.Deploy.0 = Release|Any CPU
		{AD25D6E2-8186-4D58-BD2F-86E1859F69A8}.Ad-Hoc|ARM.ActiveCfg = Release|Any CPU
		{AD25D6E2-8186-4D58-BD2F-86E1859F69A8}.Ad-Hoc|ARM.Build.0 = Release|Any CPU
		{AD25D6E2-8186-4D58-BD2F-86E1859F69A8}.Ad-Hoc|ARM.Deploy.0 = Release|Any CPU
		{AD25D6E2-8186-4D58-BD2F-86E1859F69A8}.Ad-Hoc|iPhone.ActiveCfg = Release|Any CPU
		{AD25D6E2-8186-4D58-BD2F-86E1859F69A8}.Ad-Hoc|iPhone.Build.0 = Release|Any CPU
		{AD25D6E2-8186-4D58-BD2F-86E1859F69A8}.Ad-Hoc|iPhone.Deploy.0 = Release|Any CPU
		{AD25D6E2-8186-4D58-BD2F-86E1859F69A8}.Ad-Hoc|iPhoneSimulator.ActiveCfg = Release|Any CPU
		{AD25D6E2-8186-4D58-BD2F-86E1859F69A8}.Ad-Hoc|iPhoneSimulator.Build.0 = Release|Any CPU
		{AD25D6E2-8186-4D58-BD2F-86E1859F69A8}.Ad-Hoc|iPhoneSimulator.Deploy.0 = Release|Any CPU
		{AD25D6E2-8186-4D58-BD2F-86E1859F69A8}.Ad-Hoc|x64.ActiveCfg = Release|Any CPU
		{AD25D6E2-8186-4D58-BD2F-86E1859F69A8}.Ad-Hoc|x64.Build.0 = Release|Any CPU
		{AD25D6E2-8186-4D58-BD2F-86E1859F69A8}.Ad-Hoc|x64.Deploy.0 = Release|Any CPU
		{AD25D6E2-8186-4D58-BD2F-86E1859F69A8}.Ad-Hoc|x86.ActiveCfg = Release|Any CPU
		{AD25D6E2-8186-4D58-BD2F-86E1859F69A8}.Ad-Hoc|x86.Build.0 = Release|Any CPU
		{AD25D6E2-8186-4D58-BD2F-86E1859F69A8}.Ad-Hoc|x86.Deploy.0 = Release|Any CPU
		{AD25D6E2-8186-4D58-BD2F-86E1859F69A8}.AppStore|Any CPU.ActiveCfg = Release|Any CPU
		{AD25D6E2-8186-4D58-BD2F-86E1859F69A8}.AppStore|Any CPU.Build.0 = Release|Any CPU
		{AD25D6E2-8186-4D58-BD2F-86E1859F69A8}.AppStore|Any CPU.Deploy.0 = Release|Any CPU
		{AD25D6E2-8186-4D58-BD2F-86E1859F69A8}.AppStore|ARM.ActiveCfg = Release|Any CPU
		{AD25D6E2-8186-4D58-BD2F-86E1859F69A8}.AppStore|ARM.Build.0 = Release|Any CPU
		{AD25D6E2-8186-4D58-BD2F-86E1859F69A8}.AppStore|ARM.Deploy.0 = Release|Any CPU
		{AD25D6E2-8186-4D58-BD2F-86E1859F69A8}.AppStore|iPhone.ActiveCfg = Release|Any CPU
		{AD25D6E2-8186-4D58-BD2F-86E1859F69A8}.AppStore|iPhone.Build.0 = Release|Any CPU
		{AD25D6E2-8186-4D58-BD2F-86E1859F69A8}.AppStore|iPhone.Deploy.0 = Release|Any CPU
		{AD25D6E2-8186-4D58-BD2F-86E1859F69A8}.AppStore|iPhoneSimulator.ActiveCfg = Release|Any CPU
		{AD25D6E2-8186-4D58-BD2F-86E1859F69A8}.AppStore|iPhoneSimulator.Build.0 = Release|Any CPU
		{AD25D6E2-8186-4D58-BD2F-86E1859F69A8}.AppStore|iPhoneSimulator.Deploy.0 = Release|Any CPU
		{AD25D6E2-8186-4D58-BD2F-86E1859F69A8}.AppStore|x64.ActiveCfg = Release|Any CPU
		{AD25D6E2-8186-4D58-BD2F-86E1859F69A8}.AppStore|x64.Build.0 = Release|Any CPU
		{AD25D6E2-8186-4D58-BD2F-86E1859F69A8}.AppStore|x64.Deploy.0 = Release|Any CPU
		{AD25D6E2-8186-4D58-BD2F-86E1859F69A8}.AppStore|x86.ActiveCfg = Release|Any CPU
		{AD25D6E2-8186-4D58-BD2F-86E1859F69A8}.AppStore|x86.Build.0 = Release|Any CPU
		{AD25D6E2-8186-4D58-BD2F-86E1859F69A8}.AppStore|x86.Deploy.0 = Release|Any CPU
		{AD25D6E2-8186-4D58-BD2F-86E1859F69A8}.Debug|Any CPU.ActiveCfg = Debug|Any CPU
		{AD25D6E2-8186-4D58-BD2F-86E1859F69A8}.Debug|Any CPU.Build.0 = Debug|Any CPU
		{AD25D6E2-8186-4D58-BD2F-86E1859F69A8}.Debug|Any CPU.Deploy.0 = Debug|Any CPU
		{AD25D6E2-8186-4D58-BD2F-86E1859F69A8}.Debug|ARM.ActiveCfg = Debug|Any CPU
		{AD25D6E2-8186-4D58-BD2F-86E1859F69A8}.Debug|ARM.Build.0 = Debug|Any CPU
		{AD25D6E2-8186-4D58-BD2F-86E1859F69A8}.Debug|ARM.Deploy.0 = Debug|Any CPU
		{AD25D6E2-8186-4D58-BD2F-86E1859F69A8}.Debug|iPhone.ActiveCfg = Debug|Any CPU
		{AD25D6E2-8186-4D58-BD2F-86E1859F69A8}.Debug|iPhone.Build.0 = Debug|Any CPU
		{AD25D6E2-8186-4D58-BD2F-86E1859F69A8}.Debug|iPhone.Deploy.0 = Debug|Any CPU
		{AD25D6E2-8186-4D58-BD2F-86E1859F69A8}.Debug|iPhoneSimulator.ActiveCfg = Debug|Any CPU
		{AD25D6E2-8186-4D58-BD2F-86E1859F69A8}.Debug|iPhoneSimulator.Build.0 = Debug|Any CPU
		{AD25D6E2-8186-4D58-BD2F-86E1859F69A8}.Debug|iPhoneSimulator.Deploy.0 = Debug|Any CPU
		{AD25D6E2-8186-4D58-BD2F-86E1859F69A8}.Debug|x64.ActiveCfg = Debug|Any CPU
		{AD25D6E2-8186-4D58-BD2F-86E1859F69A8}.Debug|x64.Build.0 = Debug|Any CPU
		{AD25D6E2-8186-4D58-BD2F-86E1859F69A8}.Debug|x64.Deploy.0 = Debug|Any CPU
		{AD25D6E2-8186-4D58-BD2F-86E1859F69A8}.Debug|x86.ActiveCfg = Debug|Any CPU
		{AD25D6E2-8186-4D58-BD2F-86E1859F69A8}.Debug|x86.Build.0 = Debug|Any CPU
		{AD25D6E2-8186-4D58-BD2F-86E1859F69A8}.Debug|x86.Deploy.0 = Debug|Any CPU
		{AD25D6E2-8186-4D58-BD2F-86E1859F69A8}.Release|Any CPU.ActiveCfg = Release|Any CPU
		{AD25D6E2-8186-4D58-BD2F-86E1859F69A8}.Release|Any CPU.Build.0 = Release|Any CPU
		{AD25D6E2-8186-4D58-BD2F-86E1859F69A8}.Release|Any CPU.Deploy.0 = Release|Any CPU
		{AD25D6E2-8186-4D58-BD2F-86E1859F69A8}.Release|ARM.ActiveCfg = Release|Any CPU
		{AD25D6E2-8186-4D58-BD2F-86E1859F69A8}.Release|ARM.Build.0 = Release|Any CPU
		{AD25D6E2-8186-4D58-BD2F-86E1859F69A8}.Release|ARM.Deploy.0 = Release|Any CPU
		{AD25D6E2-8186-4D58-BD2F-86E1859F69A8}.Release|iPhone.ActiveCfg = Release|Any CPU
		{AD25D6E2-8186-4D58-BD2F-86E1859F69A8}.Release|iPhone.Build.0 = Release|Any CPU
		{AD25D6E2-8186-4D58-BD2F-86E1859F69A8}.Release|iPhone.Deploy.0 = Release|Any CPU
		{AD25D6E2-8186-4D58-BD2F-86E1859F69A8}.Release|iPhoneSimulator.ActiveCfg = Release|Any CPU
		{AD25D6E2-8186-4D58-BD2F-86E1859F69A8}.Release|iPhoneSimulator.Build.0 = Release|Any CPU
		{AD25D6E2-8186-4D58-BD2F-86E1859F69A8}.Release|iPhoneSimulator.Deploy.0 = Release|Any CPU
		{AD25D6E2-8186-4D58-BD2F-86E1859F69A8}.Release|x64.ActiveCfg = Release|Any CPU
		{AD25D6E2-8186-4D58-BD2F-86E1859F69A8}.Release|x64.Build.0 = Release|Any CPU
		{AD25D6E2-8186-4D58-BD2F-86E1859F69A8}.Release|x64.Deploy.0 = Release|Any CPU
		{AD25D6E2-8186-4D58-BD2F-86E1859F69A8}.Release|x86.ActiveCfg = Release|Any CPU
		{AD25D6E2-8186-4D58-BD2F-86E1859F69A8}.Release|x86.Build.0 = Release|Any CPU
		{AD25D6E2-8186-4D58-BD2F-86E1859F69A8}.Release|x86.Deploy.0 = Release|Any CPU
		{5C4E19FD-57C9-4F83-A5B3-18651CDFF1F4}.Ad-Hoc|Any CPU.ActiveCfg = Ad-Hoc|iPhone
		{5C4E19FD-57C9-4F83-A5B3-18651CDFF1F4}.Ad-Hoc|ARM.ActiveCfg = Ad-Hoc|iPhone
		{5C4E19FD-57C9-4F83-A5B3-18651CDFF1F4}.Ad-Hoc|iPhone.ActiveCfg = Ad-Hoc|iPhone
		{5C4E19FD-57C9-4F83-A5B3-18651CDFF1F4}.Ad-Hoc|iPhone.Build.0 = Ad-Hoc|iPhone
		{5C4E19FD-57C9-4F83-A5B3-18651CDFF1F4}.Ad-Hoc|iPhoneSimulator.ActiveCfg = Ad-Hoc|iPhoneSimulator
		{5C4E19FD-57C9-4F83-A5B3-18651CDFF1F4}.Ad-Hoc|iPhoneSimulator.Build.0 = Ad-Hoc|iPhoneSimulator
		{5C4E19FD-57C9-4F83-A5B3-18651CDFF1F4}.Ad-Hoc|x64.ActiveCfg = Ad-Hoc|iPhone
		{5C4E19FD-57C9-4F83-A5B3-18651CDFF1F4}.Ad-Hoc|x86.ActiveCfg = Ad-Hoc|iPhone
		{5C4E19FD-57C9-4F83-A5B3-18651CDFF1F4}.AppStore|Any CPU.ActiveCfg = AppStore|iPhone
		{5C4E19FD-57C9-4F83-A5B3-18651CDFF1F4}.AppStore|ARM.ActiveCfg = AppStore|iPhone
		{5C4E19FD-57C9-4F83-A5B3-18651CDFF1F4}.AppStore|iPhone.ActiveCfg = AppStore|iPhone
		{5C4E19FD-57C9-4F83-A5B3-18651CDFF1F4}.AppStore|iPhone.Build.0 = AppStore|iPhone
		{5C4E19FD-57C9-4F83-A5B3-18651CDFF1F4}.AppStore|iPhoneSimulator.ActiveCfg = AppStore|iPhoneSimulator
		{5C4E19FD-57C9-4F83-A5B3-18651CDFF1F4}.AppStore|iPhoneSimulator.Build.0 = AppStore|iPhoneSimulator
		{5C4E19FD-57C9-4F83-A5B3-18651CDFF1F4}.AppStore|x64.ActiveCfg = AppStore|iPhone
		{5C4E19FD-57C9-4F83-A5B3-18651CDFF1F4}.AppStore|x86.ActiveCfg = AppStore|iPhone
		{5C4E19FD-57C9-4F83-A5B3-18651CDFF1F4}.Debug|Any CPU.ActiveCfg = Debug|iPhone
		{5C4E19FD-57C9-4F83-A5B3-18651CDFF1F4}.Debug|ARM.ActiveCfg = Debug|iPhone
		{5C4E19FD-57C9-4F83-A5B3-18651CDFF1F4}.Debug|iPhone.ActiveCfg = Debug|iPhone
		{5C4E19FD-57C9-4F83-A5B3-18651CDFF1F4}.Debug|iPhone.Build.0 = Debug|iPhone
		{5C4E19FD-57C9-4F83-A5B3-18651CDFF1F4}.Debug|iPhoneSimulator.ActiveCfg = Debug|iPhoneSimulator
		{5C4E19FD-57C9-4F83-A5B3-18651CDFF1F4}.Debug|iPhoneSimulator.Build.0 = Debug|iPhoneSimulator
		{5C4E19FD-57C9-4F83-A5B3-18651CDFF1F4}.Debug|x64.ActiveCfg = Debug|iPhone
		{5C4E19FD-57C9-4F83-A5B3-18651CDFF1F4}.Debug|x86.ActiveCfg = Debug|iPhone
		{5C4E19FD-57C9-4F83-A5B3-18651CDFF1F4}.Release|Any CPU.ActiveCfg = Release|iPhone
		{5C4E19FD-57C9-4F83-A5B3-18651CDFF1F4}.Release|ARM.ActiveCfg = Release|iPhone
		{5C4E19FD-57C9-4F83-A5B3-18651CDFF1F4}.Release|iPhone.ActiveCfg = Release|iPhone
		{5C4E19FD-57C9-4F83-A5B3-18651CDFF1F4}.Release|iPhone.Build.0 = Release|iPhone
		{5C4E19FD-57C9-4F83-A5B3-18651CDFF1F4}.Release|iPhoneSimulator.ActiveCfg = Release|iPhoneSimulator
		{5C4E19FD-57C9-4F83-A5B3-18651CDFF1F4}.Release|iPhoneSimulator.Build.0 = Release|iPhoneSimulator
		{5C4E19FD-57C9-4F83-A5B3-18651CDFF1F4}.Release|x64.ActiveCfg = Release|iPhone
		{5C4E19FD-57C9-4F83-A5B3-18651CDFF1F4}.Release|x86.ActiveCfg = Release|iPhone
		{474A5162-2982-4AEE-B2C5-6EB04A4AAF78}.Ad-Hoc|Any CPU.ActiveCfg = Release|x86
		{474A5162-2982-4AEE-B2C5-6EB04A4AAF78}.Ad-Hoc|Any CPU.Build.0 = Release|x86
		{474A5162-2982-4AEE-B2C5-6EB04A4AAF78}.Ad-Hoc|Any CPU.Deploy.0 = Release|x86
		{474A5162-2982-4AEE-B2C5-6EB04A4AAF78}.Ad-Hoc|ARM.ActiveCfg = Release|ARM
		{474A5162-2982-4AEE-B2C5-6EB04A4AAF78}.Ad-Hoc|ARM.Build.0 = Release|ARM
		{474A5162-2982-4AEE-B2C5-6EB04A4AAF78}.Ad-Hoc|ARM.Deploy.0 = Release|ARM
		{474A5162-2982-4AEE-B2C5-6EB04A4AAF78}.Ad-Hoc|iPhone.ActiveCfg = Release|x86
		{474A5162-2982-4AEE-B2C5-6EB04A4AAF78}.Ad-Hoc|iPhone.Build.0 = Release|x86
		{474A5162-2982-4AEE-B2C5-6EB04A4AAF78}.Ad-Hoc|iPhone.Deploy.0 = Release|x86
		{474A5162-2982-4AEE-B2C5-6EB04A4AAF78}.Ad-Hoc|iPhoneSimulator.ActiveCfg = Release|x86
		{474A5162-2982-4AEE-B2C5-6EB04A4AAF78}.Ad-Hoc|iPhoneSimulator.Build.0 = Release|x86
		{474A5162-2982-4AEE-B2C5-6EB04A4AAF78}.Ad-Hoc|iPhoneSimulator.Deploy.0 = Release|x86
		{474A5162-2982-4AEE-B2C5-6EB04A4AAF78}.Ad-Hoc|x64.ActiveCfg = Release|x64
		{474A5162-2982-4AEE-B2C5-6EB04A4AAF78}.Ad-Hoc|x64.Build.0 = Release|x64
		{474A5162-2982-4AEE-B2C5-6EB04A4AAF78}.Ad-Hoc|x64.Deploy.0 = Release|x64
		{474A5162-2982-4AEE-B2C5-6EB04A4AAF78}.Ad-Hoc|x86.ActiveCfg = Release|x86
		{474A5162-2982-4AEE-B2C5-6EB04A4AAF78}.Ad-Hoc|x86.Build.0 = Release|x86
		{474A5162-2982-4AEE-B2C5-6EB04A4AAF78}.Ad-Hoc|x86.Deploy.0 = Release|x86
		{474A5162-2982-4AEE-B2C5-6EB04A4AAF78}.AppStore|Any CPU.ActiveCfg = Release|x86
		{474A5162-2982-4AEE-B2C5-6EB04A4AAF78}.AppStore|Any CPU.Build.0 = Release|x86
		{474A5162-2982-4AEE-B2C5-6EB04A4AAF78}.AppStore|Any CPU.Deploy.0 = Release|x86
		{474A5162-2982-4AEE-B2C5-6EB04A4AAF78}.AppStore|ARM.ActiveCfg = Release|ARM
		{474A5162-2982-4AEE-B2C5-6EB04A4AAF78}.AppStore|ARM.Build.0 = Release|ARM
		{474A5162-2982-4AEE-B2C5-6EB04A4AAF78}.AppStore|ARM.Deploy.0 = Release|ARM
		{474A5162-2982-4AEE-B2C5-6EB04A4AAF78}.AppStore|iPhone.ActiveCfg = Release|x86
		{474A5162-2982-4AEE-B2C5-6EB04A4AAF78}.AppStore|iPhone.Build.0 = Release|x86
		{474A5162-2982-4AEE-B2C5-6EB04A4AAF78}.AppStore|iPhone.Deploy.0 = Release|x86
		{474A5162-2982-4AEE-B2C5-6EB04A4AAF78}.AppStore|iPhoneSimulator.ActiveCfg = Release|x86
		{474A5162-2982-4AEE-B2C5-6EB04A4AAF78}.AppStore|iPhoneSimulator.Build.0 = Release|x86
		{474A5162-2982-4AEE-B2C5-6EB04A4AAF78}.AppStore|iPhoneSimulator.Deploy.0 = Release|x86
		{474A5162-2982-4AEE-B2C5-6EB04A4AAF78}.AppStore|x64.ActiveCfg = Release|x64
		{474A5162-2982-4AEE-B2C5-6EB04A4AAF78}.AppStore|x64.Build.0 = Release|x64
		{474A5162-2982-4AEE-B2C5-6EB04A4AAF78}.AppStore|x64.Deploy.0 = Release|x64
		{474A5162-2982-4AEE-B2C5-6EB04A4AAF78}.AppStore|x86.ActiveCfg = Release|x86
		{474A5162-2982-4AEE-B2C5-6EB04A4AAF78}.AppStore|x86.Build.0 = Release|x86
		{474A5162-2982-4AEE-B2C5-6EB04A4AAF78}.AppStore|x86.Deploy.0 = Release|x86
		{474A5162-2982-4AEE-B2C5-6EB04A4AAF78}.Debug|Any CPU.ActiveCfg = Debug|x86
		{474A5162-2982-4AEE-B2C5-6EB04A4AAF78}.Debug|ARM.ActiveCfg = Debug|ARM
		{474A5162-2982-4AEE-B2C5-6EB04A4AAF78}.Debug|ARM.Build.0 = Debug|ARM
		{474A5162-2982-4AEE-B2C5-6EB04A4AAF78}.Debug|ARM.Deploy.0 = Debug|ARM
		{474A5162-2982-4AEE-B2C5-6EB04A4AAF78}.Debug|iPhone.ActiveCfg = Debug|x86
		{474A5162-2982-4AEE-B2C5-6EB04A4AAF78}.Debug|iPhoneSimulator.ActiveCfg = Debug|x86
		{474A5162-2982-4AEE-B2C5-6EB04A4AAF78}.Debug|x64.ActiveCfg = Debug|x64
		{474A5162-2982-4AEE-B2C5-6EB04A4AAF78}.Debug|x64.Build.0 = Debug|x64
		{474A5162-2982-4AEE-B2C5-6EB04A4AAF78}.Debug|x64.Deploy.0 = Debug|x64
		{474A5162-2982-4AEE-B2C5-6EB04A4AAF78}.Debug|x86.ActiveCfg = Debug|x86
		{474A5162-2982-4AEE-B2C5-6EB04A4AAF78}.Debug|x86.Build.0 = Debug|x86
		{474A5162-2982-4AEE-B2C5-6EB04A4AAF78}.Debug|x86.Deploy.0 = Debug|x86
		{474A5162-2982-4AEE-B2C5-6EB04A4AAF78}.Release|Any CPU.ActiveCfg = Release|x86
		{474A5162-2982-4AEE-B2C5-6EB04A4AAF78}.Release|ARM.ActiveCfg = Release|ARM
		{474A5162-2982-4AEE-B2C5-6EB04A4AAF78}.Release|ARM.Build.0 = Release|ARM
		{474A5162-2982-4AEE-B2C5-6EB04A4AAF78}.Release|ARM.Deploy.0 = Release|ARM
		{474A5162-2982-4AEE-B2C5-6EB04A4AAF78}.Release|iPhone.ActiveCfg = Release|x86
		{474A5162-2982-4AEE-B2C5-6EB04A4AAF78}.Release|iPhoneSimulator.ActiveCfg = Release|x86
		{474A5162-2982-4AEE-B2C5-6EB04A4AAF78}.Release|x64.ActiveCfg = Release|x64
		{474A5162-2982-4AEE-B2C5-6EB04A4AAF78}.Release|x64.Build.0 = Release|x64
		{474A5162-2982-4AEE-B2C5-6EB04A4AAF78}.Release|x64.Deploy.0 = Release|x64
		{474A5162-2982-4AEE-B2C5-6EB04A4AAF78}.Release|x86.ActiveCfg = Release|x86
		{474A5162-2982-4AEE-B2C5-6EB04A4AAF78}.Release|x86.Build.0 = Release|x86
		{474A5162-2982-4AEE-B2C5-6EB04A4AAF78}.Release|x86.Deploy.0 = Release|x86
	EndGlobalSection
	GlobalSection(SolutionProperties) = preSolution
		HideSolutionNode = FALSE
	EndGlobalSection
EndGlobal
